
Microsoft Visual Studio Solution File, Format Version 12.00
# Visual Studio Version 16
VisualStudioVersion = 16.0.30717.126
MinimumVisualStudioVersion = 10.0.40219.1
Project("{9A19103F-16F7-4668-BE54-9A1E7A4F7556}") = "BinaryTree-Assignment", "ConsoleApp1\BinaryTree-Assignment.csproj", "{A733551A-4B67-4735-B3E0-24057BC1FBCE}"
EndProject
Global
	GlobalSection(SolutionConfigurationPlatforms) = preSolution
		Debug|Any CPU = Debug|Any CPU
		Release|Any CPU = Release|Any CPU
	EndGlobalSection
	GlobalSection(ProjectConfigurationPlatforms) = postSolution
		{A733551A-4B67-4735-B3E0-24057BC1FBCE}.Debug|Any CPU.ActiveCfg = Debug|Any CPU
		{A733551A-4B67-4735-B3E0-24057BC1FBCE}.Debug|Any CPU.Build.0 = Debug|Any CPU
		{A733551A-4B67-4735-B3E0-24057BC1FBCE}.Release|Any CPU.ActiveCfg = Release|Any CPU
		{A733551A-4B67-4735-B3E0-24057BC1FBCE}.Release|Any CPU.Build.0 = Release|Any CPU
	EndGlobalSection
	GlobalSection(SolutionProperties) = preSolution
		HideSolutionNode = FALSE
	EndGlobalSection
	GlobalSection(ExtensibilityGlobals) = postSolution
		SolutionGuid = {27FA996F-1E74-40D7-915A-8C1900023A8B}
	EndGlobalSection
EndGlobal
